
Microsoft Visual Studio Solution File, Format Version 12.00
# Visual Studio Version 16
VisualStudioVersion = 16.0.29609.76
MinimumVisualStudioVersion = 10.0.40219.1
Project("{9A19103F-16F7-4668-BE54-9A1E7A4F7556}") = "CurrencyConversionProgram", "CurrencyConversion\CurrencyConversionProgram.csproj", "{473385B7-70EB-4B94-9DF4-33CA3949F868}"
EndProject
Project("{9A19103F-16F7-4668-BE54-9A1E7A4F7556}") = "CurrencyConversionUnitTest", "CurrencyConversionUnitTest\CurrencyConversionUnitTest.csproj", "{016F4D43-5D93-4A10-85CD-C1DD76A3186B}"
EndProject
Global
	GlobalSection(SolutionConfigurationPlatforms) = preSolution
		Debug|Any CPU = Debug|Any CPU
		Release|Any CPU = Release|Any CPU
	EndGlobalSection
	GlobalSection(ProjectConfigurationPlatforms) = postSolution
		{473385B7-70EB-4B94-9DF4-33CA3949F868}.Debug|Any CPU.ActiveCfg = Debug|Any CPU
		{473385B7-70EB-4B94-9DF4-33CA3949F868}.Debug|Any CPU.Build.0 = Debug|Any CPU
		{473385B7-70EB-4B94-9DF4-33CA3949F868}.Release|Any CPU.ActiveCfg = Release|Any CPU
		{473385B7-70EB-4B94-9DF4-33CA3949F868}.Release|Any CPU.Build.0 = Release|Any CPU
		{016F4D43-5D93-4A10-85CD-C1DD76A3186B}.Debug|Any CPU.ActiveCfg = Debug|Any CPU
		{016F4D43-5D93-4A10-85CD-C1DD76A3186B}.Debug|Any CPU.Build.0 = Debug|Any CPU
		{016F4D43-5D93-4A10-85CD-C1DD76A3186B}.Release|Any CPU.ActiveCfg = Release|Any CPU
		{016F4D43-5D93-4A10-85CD-C1DD76A3186B}.Release|Any CPU.Build.0 = Release|Any CPU
	EndGlobalSection
	GlobalSection(SolutionProperties) = preSolution
		HideSolutionNode = FALSE
	EndGlobalSection
	GlobalSection(ExtensibilityGlobals) = postSolution
		SolutionGuid = {8918F941-0C5D-4B7A-96CB-034D393F834F}
	EndGlobalSection
EndGlobal
